{
  "name": "marketwarrior",
  "version": "1.0.0",
  "lockfileVersion": 3,
  "packages": {
    "": {
      "name": "marketwarrior",
      "version": "1.0.0",
      "dependencies": {
        "@supabase/supabase-js": "2.24.0",
        "bcryptjs": "^2.4.3",
        "next": "14.0.4",
        "react": "18.2.0",
        "react-dom": "18.2.0",
        "stripe": "12.16.0"
      }
    }
  }
}